
Microsoft Visual Studio Solution File, Format Version 12.00
# Visual Studio Version 17
VisualStudioVersion = 17.5.33424.131
MinimumVisualStudioVersion = 10.0.40219.1
Project("{FAE04EC0-301F-11D3-BF4B-00C04F79EFBC}") = "data siswa", "data siswa\data siswa.csproj", "{8A3E67C1-18BE-4384-A00D-E4AF91B8E342}"
EndProject
Global
	GlobalSection(SolutionConfigurationPlatforms) = preSolution
		Debug|Any CPU = Debug|Any CPU
		Release|Any CPU = Release|Any CPU
	EndGlobalSection
	GlobalSection(ProjectConfigurationPlatforms) = postSolution
		{8A3E67C1-18BE-4384-A00D-E4AF91B8E342}.Debug|Any CPU.ActiveCfg = Debug|Any CPU
		{8A3E67C1-18BE-4384-A00D-E4AF91B8E342}.Debug|Any CPU.Build.0 = Debug|Any CPU
		{8A3E67C1-18BE-4384-A00D-E4AF91B8E342}.Release|Any CPU.ActiveCfg = Release|Any CPU
		{8A3E67C1-18BE-4384-A00D-E4AF91B8E342}.Release|Any CPU.Build.0 = Release|Any CPU
	EndGlobalSection
	GlobalSection(SolutionProperties) = preSolution
		HideSolutionNode = FALSE
	EndGlobalSection
	GlobalSection(ExtensibilityGlobals) = postSolution
		SolutionGuid = {5A107D7D-FC63-4AD4-A9DD-DB7E2C20F2F9}
	EndGlobalSection
EndGlobal
